// !$*UTF8*$!
{
	archiveVersion = 1;
	classes = {
	};
	objectVersion = 55;
	objects = {

/* Begin PBXBuildFile section */
		0B9E7C412801143C00DD539E /* SeekApp.swift in Sources */ = {isa = PBXBuildFile; fileRef = 0B9E7C402801143C00DD539E /* SeekApp.swift */; };
		0B9E7C432801143C00DD539E /* ContentView.swift in Sources */ = {isa = PBXBuildFile; fileRef = 0B9E7C422801143C00DD539E /* ContentView.swift */; };
		0B9E7C452801143D00DD539E /* Assets.xcassets in Resources */ = {isa = PBXBuildFile; fileRef = 0B9E7C442801143D00DD539E /* Assets.xcassets */; };
		0B9E7C482801143D00DD539E /* Preview Assets.xcassets in Resources */ = {isa = PBXBuildFile; fileRef = 0B9E7C472801143D00DD539E /* Preview Assets.xcassets */; };
		0B9E7C502801192C00DD539E /* AppDelegate.swift in Sources */ = {isa = PBXBuildFile; fileRef = 0B9E7C4F2801192C00DD539E /* AppDelegate.swift */; };
		0B9E7C522801194E00DD539E /* SceneDelegate.swift in Sources */ = {isa = PBXBuildFile; fileRef = 0B9E7C512801194E00DD539E /* SceneDelegate.swift */; };
		0B9E7C542801199500DD539E /* Secrets.swift in Sources */ = {isa = PBXBuildFile; fileRef = 0B9E7C532801199500DD539E /* Secrets.swift */; };
		0B9E7C5A28011E3800DD539E /* AccountViewModel.swift in Sources */ = {isa = PBXBuildFile; fileRef = 0B9E7C5928011E3800DD539E /* AccountViewModel.swift */; };
		0B9E7C5C28011EDC00DD539E /* LoginView.swift in Sources */ = {isa = PBXBuildFile; fileRef = 0B9E7C5B28011EDC00DD539E /* LoginView.swift */; };
		0B9E7C5F28011FD900DD539E /* GradientBoarder.swift in Sources */ = {isa = PBXBuildFile; fileRef = 0B9E7C5E28011FD900DD539E /* GradientBoarder.swift */; };
		0B9E7C62280122C900DD539E /* RegisterView.swift in Sources */ = {isa = PBXBuildFile; fileRef = 0B9E7C61280122C900DD539E /* RegisterView.swift */; };
		0B9E7C6A28015CD800DD539E /* Interests.swift in Sources */ = {isa = PBXBuildFile; fileRef = 0B9E7C6928015CD800DD539E /* Interests.swift */; };
		0B9E7C6C2801800800DD539E /* ExtraSignupInfo.swift in Sources */ = {isa = PBXBuildFile; fileRef = 0B9E7C6B2801800800DD539E /* ExtraSignupInfo.swift */; };
		0B9E7C6E280188CF00DD539E /* SelectHobbiesView.swift in Sources */ = {isa = PBXBuildFile; fileRef = 0B9E7C6D280188CF00DD539E /* SelectHobbiesView.swift */; };
		0B9E7C7028018DA000DD539E /* SelectMajorView.swift in Sources */ = {isa = PBXBuildFile; fileRef = 0B9E7C6F28018DA000DD539E /* SelectMajorView.swift */; };
		0B9E7C7228018E5600DD539E /* SelectPhotosView.swift in Sources */ = {isa = PBXBuildFile; fileRef = 0B9E7C7128018E5600DD539E /* SelectPhotosView.swift */; };
		0BE0DA932801957F008F8842 /* UserClass.swift in Sources */ = {isa = PBXBuildFile; fileRef = 0BE0DA922801957F008F8842 /* UserClass.swift */; };
		880DD22899CACF63C01B6DA3 /* Pods_Seek.framework in Frameworks */ = {isa = PBXBuildFile; fileRef = 9338A00C44EAA1D170C77DC7 /* Pods_Seek.framework */; };
/* End PBXBuildFile section */

/* Begin PBXFileReference section */
		0B9E7C3D2801143C00DD539E /* Seek.app */ = {isa = PBXFileReference; explicitFileType = wrapper.application; includeInIndex = 0; path = Seek.app; sourceTree = BUILT_PRODUCTS_DIR; };
		0B9E7C402801143C00DD539E /* SeekApp.swift */ = {isa = PBXFileReference; lastKnownFileType = sourcecode.swift; path = SeekApp.swift; sourceTree = "<group>"; };
		0B9E7C422801143C00DD539E /* ContentView.swift */ = {isa = PBXFileReference; lastKnownFileType = sourcecode.swift; path = ContentView.swift; sourceTree = "<group>"; };
		0B9E7C442801143D00DD539E /* Assets.xcassets */ = {isa = PBXFileReference; lastKnownFileType = folder.assetcatalog; path = Assets.xcassets; sourceTree = "<group>"; };
		0B9E7C472801143D00DD539E /* Preview Assets.xcassets */ = {isa = PBXFileReference; lastKnownFileType = folder.assetcatalog; path = "Preview Assets.xcassets"; sourceTree = "<group>"; };
		0B9E7C4F2801192C00DD539E /* AppDelegate.swift */ = {isa = PBXFileReference; lastKnownFileType = sourcecode.swift; path = AppDelegate.swift; sourceTree = "<group>"; };
		0B9E7C512801194E00DD539E /* SceneDelegate.swift */ = {isa = PBXFileReference; lastKnownFileType = sourcecode.swift; path = SceneDelegate.swift; sourceTree = "<group>"; };
		0B9E7C532801199500DD539E /* Secrets.swift */ = {isa = PBXFileReference; lastKnownFileType = sourcecode.swift; path = Secrets.swift; sourceTree = "<group>"; };
		0B9E7C5928011E3800DD539E /* AccountViewModel.swift */ = {isa = PBXFileReference; lastKnownFileType = sourcecode.swift; path = AccountViewModel.swift; sourceTree = "<group>"; };
		0B9E7C5B28011EDC00DD539E /* LoginView.swift */ = {isa = PBXFileReference; lastKnownFileType = sourcecode.swift; path = LoginView.swift; sourceTree = "<group>"; };
		0B9E7C5E28011FD900DD539E /* GradientBoarder.swift */ = {isa = PBXFileReference; lastKnownFileType = sourcecode.swift; path = GradientBoarder.swift; sourceTree = "<group>"; };
		0B9E7C61280122C900DD539E /* RegisterView.swift */ = {isa = PBXFileReference; lastKnownFileType = sourcecode.swift; path = RegisterView.swift; sourceTree = "<group>"; };
		0B9E7C6928015CD800DD539E /* Interests.swift */ = {isa = PBXFileReference; lastKnownFileType = sourcecode.swift; path = Interests.swift; sourceTree = "<group>"; };
		0B9E7C6B2801800800DD539E /* ExtraSignupInfo.swift */ = {isa = PBXFileReference; lastKnownFileType = sourcecode.swift; path = ExtraSignupInfo.swift; sourceTree = "<group>"; };
		0B9E7C6D280188CF00DD539E /* SelectHobbiesView.swift */ = {isa = PBXFileReference; lastKnownFileType = sourcecode.swift; path = SelectHobbiesView.swift; sourceTree = "<group>"; };
		0B9E7C6F28018DA000DD539E /* SelectMajorView.swift */ = {isa = PBXFileReference; lastKnownFileType = sourcecode.swift; path = SelectMajorView.swift; sourceTree = "<group>"; };
		0B9E7C7128018E5600DD539E /* SelectPhotosView.swift */ = {isa = PBXFileReference; lastKnownFileType = sourcecode.swift; path = SelectPhotosView.swift; sourceTree = "<group>"; };
		0BE0DA922801957F008F8842 /* UserClass.swift */ = {isa = PBXFileReference; lastKnownFileType = sourcecode.swift; path = UserClass.swift; sourceTree = "<group>"; };
		685BF334171F0D776ED2170C /* Pods-Seek.debug.xcconfig */ = {isa = PBXFileReference; includeInIndex = 1; lastKnownFileType = text.xcconfig; name = "Pods-Seek.debug.xcconfig"; path = "Target Support Files/Pods-Seek/Pods-Seek.debug.xcconfig"; sourceTree = "<group>"; };
		9338A00C44EAA1D170C77DC7 /* Pods_Seek.framework */ = {isa = PBXFileReference; explicitFileType = wrapper.framework; includeInIndex = 0; path = Pods_Seek.framework; sourceTree = BUILT_PRODUCTS_DIR; };
		D1F6BFD6C68362CBC2BD53E3 /* Pods-Seek.release.xcconfig */ = {isa = PBXFileReference; includeInIndex = 1; lastKnownFileType = text.xcconfig; name = "Pods-Seek.release.xcconfig"; path = "Target Support Files/Pods-Seek/Pods-Seek.release.xcconfig"; sourceTree = "<group>"; };
/* End PBXFileReference section */

/* Begin PBXFrameworksBuildPhase section */
		0B9E7C3A2801143C00DD539E /* Frameworks */ = {
			isa = PBXFrameworksBuildPhase;
			buildActionMask = 2147483647;
			files = (
				880DD22899CACF63C01B6DA3 /* Pods_Seek.framework in Frameworks */,
			);
			runOnlyForDeploymentPostprocessing = 0;
		};
/* End PBXFrameworksBuildPhase section */

/* Begin PBXGroup section */
		0B9E7C342801143C00DD539E = {
			isa = PBXGroup;
			children = (
				0B9E7C3F2801143C00DD539E /* Seek */,
				0B9E7C3E2801143C00DD539E /* Products */,
				C38410A32973903147FF06A0 /* Pods */,
				29F71DCD6F3D34B8A66B38A8 /* Frameworks */,
			);
			sourceTree = "<group>";
		};
		0B9E7C3E2801143C00DD539E /* Products */ = {
			isa = PBXGroup;
			children = (
				0B9E7C3D2801143C00DD539E /* Seek.app */,
			);
			name = Products;
			sourceTree = "<group>";
		};
		0B9E7C3F2801143C00DD539E /* Seek */ = {
			isa = PBXGroup;
			children = (
				0B9E7C6828015CC800DD539E /* Models */,
				0B9E7C5D28011FC400DD539E /* CustomStyles */,
				0B9E7C5728011A0D00DD539E /* Utilities */,
				0B9E7C4E2801190F00DD539E /* Delegates */,
				0B9E7C5828011DEE00DD539E /* Views */,
				0B9E7C402801143C00DD539E /* SeekApp.swift */,
				0B9E7C422801143C00DD539E /* ContentView.swift */,
				0B9E7C442801143D00DD539E /* Assets.xcassets */,
				0B9E7C462801143D00DD539E /* Preview Content */,
			);
			path = Seek;
			sourceTree = "<group>";
		};
		0B9E7C462801143D00DD539E /* Preview Content */ = {
			isa = PBXGroup;
			children = (
				0B9E7C472801143D00DD539E /* Preview Assets.xcassets */,
			);
			path = "Preview Content";
			sourceTree = "<group>";
		};
		0B9E7C4E2801190F00DD539E /* Delegates */ = {
			isa = PBXGroup;
			children = (
				0B9E7C4F2801192C00DD539E /* AppDelegate.swift */,
				0B9E7C512801194E00DD539E /* SceneDelegate.swift */,
			);
			path = Delegates;
			sourceTree = "<group>";
		};
		0B9E7C5728011A0D00DD539E /* Utilities */ = {
			isa = PBXGroup;
			children = (
				0B9E7C532801199500DD539E /* Secrets.swift */,
			);
			path = Utilities;
			sourceTree = "<group>";
		};
		0B9E7C5828011DEE00DD539E /* Views */ = {
			isa = PBXGroup;
			children = (
				0B9E7C632801253C00DD539E /* SelectPhotosViews */,
				0B9E7C602801229300DD539E /* SignInViews */,
			);
			path = Views;
			sourceTree = "<group>";
		};
		0B9E7C5D28011FC400DD539E /* CustomStyles */ = {
			isa = PBXGroup;
			children = (
				0B9E7C5E28011FD900DD539E /* GradientBoarder.swift */,
			);
			path = CustomStyles;
			sourceTree = "<group>";
		};
		0B9E7C602801229300DD539E /* SignInViews */ = {
			isa = PBXGroup;
			children = (
				0B9E7C5B28011EDC00DD539E /* LoginView.swift */,
				0B9E7C5928011E3800DD539E /* AccountViewModel.swift */,
				0B9E7C61280122C900DD539E /* RegisterView.swift */,
				0B9E7C6B2801800800DD539E /* ExtraSignupInfo.swift */,
				0B9E7C6D280188CF00DD539E /* SelectHobbiesView.swift */,
				0B9E7C6F28018DA000DD539E /* SelectMajorView.swift */,
			);
			path = SignInViews;
			sourceTree = "<group>";
		};
		0B9E7C632801253C00DD539E /* SelectPhotosViews */ = {
			isa = PBXGroup;
			children = (
				0B9E7C7128018E5600DD539E /* SelectPhotosView.swift */,
			);
			path = SelectPhotosViews;
			sourceTree = "<group>";
		};
		0B9E7C6828015CC800DD539E /* Models */ = {
			isa = PBXGroup;
			children = (
				0B9E7C6928015CD800DD539E /* Interests.swift */,
				0BE0DA922801957F008F8842 /* UserClass.swift */,
			);
			path = Models;
			sourceTree = "<group>";
		};
		29F71DCD6F3D34B8A66B38A8 /* Frameworks */ = {
			isa = PBXGroup;
			children = (
				9338A00C44EAA1D170C77DC7 /* Pods_Seek.framework */,
			);
			name = Frameworks;
			sourceTree = "<group>";
		};
		C38410A32973903147FF06A0 /* Pods */ = {
			isa = PBXGroup;
			children = (
				685BF334171F0D776ED2170C /* Pods-Seek.debug.xcconfig */,
				D1F6BFD6C68362CBC2BD53E3 /* Pods-Seek.release.xcconfig */,
			);
			path = Pods;
			sourceTree = "<group>";
		};
/* End PBXGroup section */

/* Begin PBXNativeTarget section */
		0B9E7C3C2801143C00DD539E /* Seek */ = {
			isa = PBXNativeTarget;
			buildConfigurationList = 0B9E7C4B2801143D00DD539E /* Build configuration list for PBXNativeTarget "Seek" */;
			buildPhases = (
				4BAC5FB0943FBC59A803BB2A /* [CP] Check Pods Manifest.lock */,
				0B9E7C392801143C00DD539E /* Sources */,
				0B9E7C3A2801143C00DD539E /* Frameworks */,
				0B9E7C3B2801143C00DD539E /* Resources */,
				3C51446BB417B38B319FF3B8 /* [CP] Embed Pods Frameworks */,
			);
			buildRules = (
			);
			dependencies = (
			);
			name = Seek;
			productName = Seek;
			productReference = 0B9E7C3D2801143C00DD539E /* Seek.app */;
			productType = "com.apple.product-type.application";
		};
/* End PBXNativeTarget section */

/* Begin PBXProject section */
		0B9E7C352801143C00DD539E /* Project object */ = {
			isa = PBXProject;
			attributes = {
				BuildIndependentTargetsInParallel = 1;
				LastSwiftUpdateCheck = 1330;
				LastUpgradeCheck = 1330;
				TargetAttributes = {
					0B9E7C3C2801143C00DD539E = {
						CreatedOnToolsVersion = 13.3;
					};
				};
			};
			buildConfigurationList = 0B9E7C382801143C00DD539E /* Build configuration list for PBXProject "Seek" */;
			compatibilityVersion = "Xcode 13.0";
			developmentRegion = en;
			hasScannedForEncodings = 0;
			knownRegions = (
				en,
				Base,
			);
			mainGroup = 0B9E7C342801143C00DD539E;
			productRefGroup = 0B9E7C3E2801143C00DD539E /* Products */;
			projectDirPath = "";
			projectRoot = "";
			targets = (
				0B9E7C3C2801143C00DD539E /* Seek */,
			);
		};
/* End PBXProject section */

/* Begin PBXResourcesBuildPhase section */
		0B9E7C3B2801143C00DD539E /* Resources */ = {
			isa = PBXResourcesBuildPhase;
			buildActionMask = 2147483647;
			files = (
				0B9E7C482801143D00DD539E /* Preview Assets.xcassets in Resources */,
				0B9E7C452801143D00DD539E /* Assets.xcassets in Resources */,
			);
			runOnlyForDeploymentPostprocessing = 0;
		};
/* End PBXResourcesBuildPhase section */

/* Begin PBXShellScriptBuildPhase section */
		3C51446BB417B38B319FF3B8 /* [CP] Embed Pods Frameworks */ = {
			isa = PBXShellScriptBuildPhase;
			buildActionMask = 2147483647;
			files = (
			);
			inputFileListPaths = (
				"${PODS_ROOT}/Target Support Files/Pods-Seek/Pods-Seek-frameworks-${CONFIGURATION}-input-files.xcfilelist",
			);
			name = "[CP] Embed Pods Frameworks";
			outputFileListPaths = (
				"${PODS_ROOT}/Target Support Files/Pods-Seek/Pods-Seek-frameworks-${CONFIGURATION}-output-files.xcfilelist",
			);
			runOnlyForDeploymentPostprocessing = 0;
			shellPath = /bin/sh;
			shellScript = "\"${PODS_ROOT}/Target Support Files/Pods-Seek/Pods-Seek-frameworks.sh\"\n";
			showEnvVarsInLog = 0;
		};
		4BAC5FB0943FBC59A803BB2A /* [CP] Check Pods Manifest.lock */ = {
			isa = PBXShellScriptBuildPhase;
			buildActionMask = 2147483647;
			files = (
			);
			inputFileListPaths = (
			);
			inputPaths = (
				"${PODS_PODFILE_DIR_PATH}/Podfile.lock",
				"${PODS_ROOT}/Manifest.lock",
			);
			name = "[CP] Check Pods Manifest.lock";
			outputFileListPaths = (
			);
			outputPaths = (
				"$(DERIVED_FILE_DIR)/Pods-Seek-checkManifestLockResult.txt",
			);
			runOnlyForDeploymentPostprocessing = 0;
			shellPath = /bin/sh;
			shellScript = "diff \"${PODS_PODFILE_DIR_PATH}/Podfile.lock\" \"${PODS_ROOT}/Manifest.lock\" > /dev/null\nif [ $? != 0 ] ; then\n    # print error to STDERR\n    echo \"error: The sandbox is not in sync with the Podfile.lock. Run 'pod install' or update your CocoaPods installation.\" >&2\n    exit 1\nfi\n# This output is used by Xcode 'outputs' to avoid re-running this script phase.\necho \"SUCCESS\" > \"${SCRIPT_OUTPUT_FILE_0}\"\n";
			showEnvVarsInLog = 0;
		};
/* End PBXShellScriptBuildPhase section */

/* Begin PBXSourcesBuildPhase section */
		0B9E7C392801143C00DD539E /* Sources */ = {
			isa = PBXSourcesBuildPhase;
			buildActionMask = 2147483647;
			files = (
				0B9E7C7028018DA000DD539E /* SelectMajorView.swift in Sources */,
				0B9E7C62280122C900DD539E /* RegisterView.swift in Sources */,
				0B9E7C5F28011FD900DD539E /* GradientBoarder.swift in Sources */,
				0B9E7C502801192C00DD539E /* AppDelegate.swift in Sources */,
				0B9E7C5C28011EDC00DD539E /* LoginView.swift in Sources */,
				0BE0DA932801957F008F8842 /* UserClass.swift in Sources */,
				0B9E7C542801199500DD539E /* Secrets.swift in Sources */,
				0B9E7C5A28011E3800DD539E /* AccountViewModel.swift in Sources */,
				0B9E7C7228018E5600DD539E /* SelectPhotosView.swift in Sources */,
				0B9E7C6C2801800800DD539E /* ExtraSignupInfo.swift in Sources */,
				0B9E7C432801143C00DD539E /* ContentView.swift in Sources */,
				0B9E7C6A28015CD800DD539E /* Interests.swift in Sources */,
				0B9E7C412801143C00DD539E /* SeekApp.swift in Sources */,
				0B9E7C522801194E00DD539E /* SceneDelegate.swift in Sources */,
				0B9E7C6E280188CF00DD539E /* SelectHobbiesView.swift in Sources */,
			);
			runOnlyForDeploymentPostprocessing = 0;
		};
/* End PBXSourcesBuildPhase section */

/* Begin XCBuildConfiguration section */
		0B9E7C492801143D00DD539E /* Debug */ = {
			isa = XCBuildConfiguration;
			buildSettings = {
				ALWAYS_SEARCH_USER_PATHS = NO;
				CLANG_ANALYZER_NONNULL = YES;
				CLANG_ANALYZER_NUMBER_OBJECT_CONVERSION = YES_AGGRESSIVE;
				CLANG_CXX_LANGUAGE_STANDARD = "gnu++17";
				CLANG_ENABLE_MODULES = YES;
				CLANG_ENABLE_OBJC_ARC = YES;
				CLANG_ENABLE_OBJC_WEAK = YES;
				CLANG_WARN_BLOCK_CAPTURE_AUTORELEASING = YES;
				CLANG_WARN_BOOL_CONVERSION = YES;
				CLANG_WARN_COMMA = YES;
				CLANG_WARN_CONSTANT_CONVERSION = YES;
				CLANG_WARN_DEPRECATED_OBJC_IMPLEMENTATIONS = YES;
				CLANG_WARN_DIRECT_OBJC_ISA_USAGE = YES_ERROR;
				CLANG_WARN_DOCUMENTATION_COMMENTS = YES;
				CLANG_WARN_EMPTY_BODY = YES;
				CLANG_WARN_ENUM_CONVERSION = YES;
				CLANG_WARN_INFINITE_RECURSION = YES;
				CLANG_WARN_INT_CONVERSION = YES;
				CLANG_WARN_NON_LITERAL_NULL_CONVERSION = YES;
				CLANG_WARN_OBJC_IMPLICIT_RETAIN_SELF = YES;
				CLANG_WARN_OBJC_LITERAL_CONVERSION = YES;
				CLANG_WARN_OBJC_ROOT_CLASS = YES_ERROR;
				CLANG_WARN_QUOTED_INCLUDE_IN_FRAMEWORK_HEADER = YES;
				CLANG_WARN_RANGE_LOOP_ANALYSIS = YES;
				CLANG_WARN_STRICT_PROTOTYPES = YES;
				CLANG_WARN_SUSPICIOUS_MOVE = YES;
				CLANG_WARN_UNGUARDED_AVAILABILITY = YES_AGGRESSIVE;
				CLANG_WARN_UNREACHABLE_CODE = YES;
				CLANG_WARN__DUPLICATE_METHOD_MATCH = YES;
				COPY_PHASE_STRIP = NO;
				DEBUG_INFORMATION_FORMAT = dwarf;
				ENABLE_STRICT_OBJC_MSGSEND = YES;
				ENABLE_TESTABILITY = YES;
				GCC_C_LANGUAGE_STANDARD = gnu11;
				GCC_DYNAMIC_NO_PIC = NO;
				GCC_NO_COMMON_BLOCKS = YES;
				GCC_OPTIMIZATION_LEVEL = 0;
				GCC_PREPROCESSOR_DEFINITIONS = (
					"DEBUG=1",
					"$(inherited)",
				);
				GCC_WARN_64_TO_32_BIT_CONVERSION = YES;
				GCC_WARN_ABOUT_RETURN_TYPE = YES_ERROR;
				GCC_WARN_UNDECLARED_SELECTOR = YES;
				GCC_WARN_UNINITIALIZED_AUTOS = YES_AGGRESSIVE;
				GCC_WARN_UNUSED_FUNCTION = YES;
				GCC_WARN_UNUSED_VARIABLE = YES;
				IPHONEOS_DEPLOYMENT_TARGET = 15.4;
				MTL_ENABLE_DEBUG_INFO = INCLUDE_SOURCE;
				MTL_FAST_MATH = YES;
				ONLY_ACTIVE_ARCH = YES;
				SDKROOT = iphoneos;
				SWIFT_ACTIVE_COMPILATION_CONDITIONS = DEBUG;
				SWIFT_OPTIMIZATION_LEVEL = "-Onone";
			};
			name = Debug;
		};
		0B9E7C4A2801143D00DD539E /* Release */ = {
			isa = XCBuildConfiguration;
			buildSettings = {
				ALWAYS_SEARCH_USER_PATHS = NO;
				CLANG_ANALYZER_NONNULL = YES;
				CLANG_ANALYZER_NUMBER_OBJECT_CONVERSION = YES_AGGRESSIVE;
				CLANG_CXX_LANGUAGE_STANDARD = "gnu++17";
				CLANG_ENABLE_MODULES = YES;
				CLANG_ENABLE_OBJC_ARC = YES;
				CLANG_ENABLE_OBJC_WEAK = YES;
				CLANG_WARN_BLOCK_CAPTURE_AUTORELEASING = YES;
				CLANG_WARN_BOOL_CONVERSION = YES;
				CLANG_WARN_COMMA = YES;
				CLANG_WARN_CONSTANT_CONVERSION = YES;
				CLANG_WARN_DEPRECATED_OBJC_IMPLEMENTATIONS = YES;
				CLANG_WARN_DIRECT_OBJC_ISA_USAGE = YES_ERROR;
				CLANG_WARN_DOCUMENTATION_COMMENTS = YES;
				CLANG_WARN_EMPTY_BODY = YES;
				CLANG_WARN_ENUM_CONVERSION = YES;
				CLANG_WARN_INFINITE_RECURSION = YES;
				CLANG_WARN_INT_CONVERSION = YES;
				CLANG_WARN_NON_LITERAL_NULL_CONVERSION = YES;
				CLANG_WARN_OBJC_IMPLICIT_RETAIN_SELF = YES;
				CLANG_WARN_OBJC_LITERAL_CONVERSION = YES;
				CLANG_WARN_OBJC_ROOT_CLASS = YES_ERROR;
				CLANG_WARN_QUOTED_INCLUDE_IN_FRAMEWORK_HEADER = YES;
				CLANG_WARN_RANGE_LOOP_ANALYSIS = YES;
				CLANG_WARN_STRICT_PROTOTYPES = YES;
				CLANG_WARN_SUSPICIOUS_MOVE = YES;
				CLANG_WARN_UNGUARDED_AVAILABILITY = YES_AGGRESSIVE;
				CLANG_WARN_UNREACHABLE_CODE = YES;
				CLANG_WARN__DUPLICATE_METHOD_MATCH = YES;
				COPY_PHASE_STRIP = NO;
				DEBUG_INFORMATION_FORMAT = "dwarf-with-dsym";
				ENABLE_NS_ASSERTIONS = NO;
				ENABLE_STRICT_OBJC_MSGSEND = YES;
				GCC_C_LANGUAGE_STANDARD = gnu11;
				GCC_NO_COMMON_BLOCKS = YES;
				GCC_WARN_64_TO_32_BIT_CONVERSION = YES;
				GCC_WARN_ABOUT_RETURN_TYPE = YES_ERROR;
				GCC_WARN_UNDECLARED_SELECTOR = YES;
				GCC_WARN_UNINITIALIZED_AUTOS = YES_AGGRESSIVE;
				GCC_WARN_UNUSED_FUNCTION = YES;
				GCC_WARN_UNUSED_VARIABLE = YES;
				IPHONEOS_DEPLOYMENT_TARGET = 15.4;
				MTL_ENABLE_DEBUG_INFO = NO;
				MTL_FAST_MATH = YES;
				SDKROOT = iphoneos;
				SWIFT_COMPILATION_MODE = wholemodule;
				SWIFT_OPTIMIZATION_LEVEL = "-O";
				VALIDATE_PRODUCT = YES;
			};
			name = Release;
		};
		0B9E7C4C2801143D00DD539E /* Debug */ = {
			isa = XCBuildConfiguration;
			baseConfigurationReference = 685BF334171F0D776ED2170C /* Pods-Seek.debug.xcconfig */;
			buildSettings = {
				ASSETCATALOG_COMPILER_APPICON_NAME = AppIcon;
				ASSETCATALOG_COMPILER_GLOBAL_ACCENT_COLOR_NAME = AccentColor;
				CODE_SIGN_STYLE = Automatic;
				CURRENT_PROJECT_VERSION = 1;
				DEVELOPMENT_ASSET_PATHS = "\"Seek/Preview Content\"";
				DEVELOPMENT_TEAM = 8RJGU8HFWK;
				ENABLE_PREVIEWS = YES;
				GENERATE_INFOPLIST_FILE = YES;
				INFOPLIST_KEY_NSPhotoLibraryUsageDescription = "Use photos for profile pic";
				INFOPLIST_KEY_UIApplicationSceneManifest_Generation = YES;
				INFOPLIST_KEY_UIApplicationSupportsIndirectInputEvents = YES;
				INFOPLIST_KEY_UILaunchScreen_Generation = YES;
				INFOPLIST_KEY_UISupportedInterfaceOrientations_iPad = "UIInterfaceOrientationPortrait UIInterfaceOrientationPortraitUpsideDown UIInterfaceOrientationLandscapeLeft UIInterfaceOrientationLandscapeRight";
				INFOPLIST_KEY_UISupportedInterfaceOrientations_iPhone = "UIInterfaceOrientationPortrait UIInterfaceOrientationLandscapeLeft UIInterfaceOrientationLandscapeRight";
				LD_RUNPATH_SEARCH_PATHS = (
					"$(inherited)",
					"@executable_path/Frameworks",
				);
				MARKETING_VERSION = 1.0;
				PRODUCT_BUNDLE_IDENTIFIER = app.Seek;
				PRODUCT_NAME = "$(TARGET_NAME)";
				SWIFT_EMIT_LOC_STRINGS = YES;
				SWIFT_VERSION = 5.0;
				TARGETED_DEVICE_FAMILY = "1,2";
			};
			name = Debug;
		};
		0B9E7C4D2801143D00DD539E /* Release */ = {
			isa = XCBuildConfiguration;
			baseConfigurationReference = D1F6BFD6C68362CBC2BD53E3 /* Pods-Seek.release.xcconfig */;
			buildSettings = {
				ASSETCATALOG_COMPILER_APPICON_NAME = AppIcon;
				ASSETCATALOG_COMPILER_GLOBAL_ACCENT_COLOR_NAME = AccentColor;
				CODE_SIGN_STYLE = Automatic;
				CURRENT_PROJECT_VERSION = 1;
				DEVELOPMENT_ASSET_PATHS = "\"Seek/Preview Content\"";
				DEVELOPMENT_TEAM = 8RJGU8HFWK;
				ENABLE_PREVIEWS = YES;
				GENERATE_INFOPLIST_FILE = YES;
				INFOPLIST_KEY_NSPhotoLibraryUsageDescription = "Use photos for profile pic";
				INFOPLIST_KEY_UIApplicationSceneManifest_Generation = YES;
				INFOPLIST_KEY_UIApplicationSupportsIndirectInputEvents = YES;
				INFOPLIST_KEY_UILaunchScreen_Generation = YES;
				INFOPLIST_KEY_UISupportedInterfaceOrientations_iPad = "UIInterfaceOrientationPortrait UIInterfaceOrientationPortraitUpsideDown UIInterfaceOrientationLandscapeLeft UIInterfaceOrientationLandscapeRight";
				INFOPLIST_KEY_UISupportedInterfaceOrientations_iPhone = "UIInterfaceOrientationPortrait UIInterfaceOrientationLandscapeLeft UIInterfaceOrientationLandscapeRight";
				LD_RUNPATH_SEARCH_PATHS = (
					"$(inherited)",
					"@executable_path/Frameworks",
				);
				MARKETING_VERSION = 1.0;
				PRODUCT_BUNDLE_IDENTIFIER = app.Seek;
				PRODUCT_NAME = "$(TARGET_NAME)";
				SWIFT_EMIT_LOC_STRINGS = YES;
				SWIFT_VERSION = 5.0;
				TARGETED_DEVICE_FAMILY = "1,2";
			};
			name = Release;
		};
/* End XCBuildConfiguration section */

/* Begin XCConfigurationList section */
		0B9E7C382801143C00DD539E /* Build configuration list for PBXProject "Seek" */ = {
			isa = XCConfigurationList;
			buildConfigurations = (
				0B9E7C492801143D00DD539E /* Debug */,
				0B9E7C4A2801143D00DD539E /* Release */,
			);
			defaultConfigurationIsVisible = 0;
			defaultConfigurationName = Release;
		};
		0B9E7C4B2801143D00DD539E /* Build configuration list for PBXNativeTarget "Seek" */ = {
			isa = XCConfigurationList;
			buildConfigurations = (
				0B9E7C4C2801143D00DD539E /* Debug */,
				0B9E7C4D2801143D00DD539E /* Release */,
			);
			defaultConfigurationIsVisible = 0;
			defaultConfigurationName = Release;
		};
/* End XCConfigurationList section */
	};
	rootObject = 0B9E7C352801143C00DD539E /* Project object */;
}
